<?xml version="1.0" encoding="utf-8"?>
<Project ToolsVersion="4.0" xmlns="http://schemas.microsoft.com/developer/msbuild/2003">
  <ItemGroup>
    <Filter Include="Source Files">
      <UniqueIdentifier>{4FC737F1-C7A5-4376-A066-2A32D752A2FF}</UniqueIdentifier>
      <Extensions>cpp;c;cc;cxx;c++;cppm;ixx;def;odl;idl;hpj;bat;asm;asmx</Extensions>
    </Filter>
    <Filter Include="Header Files">
      <UniqueIdentifier>{93995380-89BD-4b04-88EB-625FBE52EBFB}</UniqueIdentifier>
      <Extensions>h;hh;hpp;hxx;h++;hm;inl;inc;ipp;xsd</Extensions>
    </Filter>
    <Filter Include="Resource Files">
      <UniqueIdentifier>{67DA6AB6-F800-4c08-8B7A-83BB121AAD01}</UniqueIdentifier>
      <Extensions>rc;ico;cur;bmp;dlg;rc2;rct;bin;rgs;gif;jpg;jpeg;jpe;resx;tiff;tif;png;wav;mfcribbon-ms</Extensions>
    </Filter>
    <Filter Include="Header Files\ECS">
      <UniqueIdentifier>{b1b4a060-6fea-4fde-ac27-4f890f99909c}</UniqueIdentifier>
    </Filter>
    <Filter Include="Source Files\ECS">
      <UniqueIdentifier>{59463677-cbdf-4836-8dcb-24fffbc89ad9}</UniqueIdentifier>
    </Filter>
  </ItemGroup>
  <ItemGroup>
    <ClCompile Include="Main.cpp">
      <Filter>Source Files</Filter>
    </ClCompile>
    <ClCompile Include="RenderWindow.cpp">
      <Filter>Source Files</Filter>
    </ClCompile>
    <ClCompile Include="Utils.cpp">
      <Filter>Source Files</Filter>
    </ClCompile>
    <ClCompile Include="Vector2.cpp">
      <Filter>Source Files</Filter>
    </ClCompile>
    <ClCompile Include="Game.cpp">
      <Filter>Source Files</Filter>
    </ClCompile>
    <ClCompile Include="Time.cpp">
      <Filter>Source Files</Filter>
    </ClCompile>
    <ClCompile Include="SpriteComponent.cpp">
      <Filter>Source Files\ECS</Filter>
    </ClCompile>
    <ClCompile Include="TransformComponent.cpp">
      <Filter>Source Files\ECS</Filter>
    </ClCompile>
    <ClCompile Include="WorldSpriteComponent.cpp">
      <Filter>Source Files\ECS</Filter>
    </ClCompile>
    <ClCompile Include="Assets.cpp">
      <Filter>Source Files</Filter>
    </ClCompile>
    <ClCompile Include="BoidComponent.cpp">
      <Filter>Source Files\ECS</Filter>
    </ClCompile>
    <ClCompile Include="SteerRandom.cpp">
      <Filter>Source Files</Filter>
    </ClCompile>
    <ClCompile Include="Seperation.cpp">
      <Filter>Source Files</Filter>
    </ClCompile>
    <ClCompile Include="Cohesion.cpp">
      <Filter>Source Files</Filter>
    </ClCompile>
    <ClCompile Include="PredatorBoid.cpp">
      <Filter>Source Files\ECS</Filter>
    </ClCompile>
    <ClCompile Include="PreyBoidComponent.cpp">
      <Filter>Source Files\ECS</Filter>
    </ClCompile>
    <ClCompile Include="Chase.cpp">
      <Filter>Source Files</Filter>
    </ClCompile>
    <ClCompile Include="Alignment.cpp">
      <Filter>Source Files</Filter>
    </ClCompile>
    <ClCompile Include="FoodComponent.cpp">
      <Filter>Source Files\ECS</Filter>
    </ClCompile>
    <ClCompile Include="EntityManager.cpp">
      <Filter>Source Files\ECS</Filter>
    </ClCompile>
    <ClCompile Include="FoodSpawner.cpp">
      <Filter>Source Files\ECS</Filter>
    </ClCompile>
    <ClCompile Include="BoundaryComponent.cpp">
      <Filter>Source Files\ECS</Filter>
    </ClCompile>
    <ClCompile Include="SliderComponent.cpp">
      <Filter>Source Files\ECS</Filter>
    </ClCompile>
    <ClCompile Include="InputManager.cpp">
      <Filter>Source Files</Filter>
    </ClCompile>
    <ClCompile Include="PreyBoidSlider.cpp">
      <Filter>Source Files\ECS</Filter>
    </ClCompile>
    <ClCompile Include="ECS.cpp">
      <Filter>Source Files\ECS</Filter>
    </ClCompile>
    <ClCompile Include="TextComponent.cpp">
      <Filter>Source Files\ECS</Filter>
    </ClCompile>
    <ClCompile Include="StatBlock.cpp">
      <Filter>Source Files\ECS</Filter>
    </ClCompile>
    <ClCompile Include="PredatorSlider.cpp">
      <Filter>Source Files\ECS</Filter>
    </ClCompile>
    <ClCompile Include="FoodSlider.cpp">
      <Filter>Source Files\ECS</Filter>
    </ClCompile>
    <ClCompile Include="ButtonComponent.cpp">
      <Filter>Source Files\ECS</Filter>
    </ClCompile>
  </ItemGroup>
  <ItemGroup>
    <ClInclude Include="RenderWindow.hpp">
      <Filter>Header Files</Filter>
    </ClInclude>
    <ClInclude Include="Utils.hpp">
      <Filter>Header Files</Filter>
    </ClInclude>
    <ClInclude Include="Vector2.hpp">
      <Filter>Header Files</Filter>
    </ClInclude>
    <ClInclude Include="Game.hpp">
      <Filter>Header Files</Filter>
    </ClInclude>
    <ClInclude Include="Time.hpp">
      <Filter>Header Files</Filter>
    </ClInclude>
    <ClInclude Include="ECS.hpp">
      <Filter>Header Files\ECS</Filter>
    </ClInclude>
    <ClInclude Include="SpriteComponent.hpp">
      <Filter>Header Files\ECS</Filter>
    </ClInclude>
    <ClInclude Include="TransformComponent.hpp">
      <Filter>Header Files\ECS</Filter>
    </ClInclude>
    <ClInclude Include="WorldSpriteComponent.hpp">
      <Filter>Header Files\ECS</Filter>
    </ClInclude>
    <ClInclude Include="Assets.hpp">
      <Filter>Header Files</Filter>
    </ClInclude>
    <ClInclude Include="BoidComponent.hpp">
      <Filter>Header Files\ECS</Filter>
    </ClInclude>
    <ClInclude Include="SteeringBehaviour.hpp">
      <Filter>Header Files</Filter>
    </ClInclude>
    <ClInclude Include="SteerRandom.hpp">
      <Filter>Header Files</Filter>
    </ClInclude>
    <ClInclude Include="Seperation.hpp">
      <Filter>Header Files</Filter>
    </ClInclude>
    <ClInclude Include="Alignment.hpp">
      <Filter>Header Files</Filter>
    </ClInclude>
    <ClInclude Include="Cohesion.hpp">
      <Filter>Header Files</Filter>
    </ClInclude>
    <ClInclude Include="Chase.hpp">
      <Filter>Header Files</Filter>
    </ClInclude>
    <ClInclude Include="PredatorBoid.hpp">
      <Filter>Header Files\ECS</Filter>
    </ClInclude>
    <ClInclude Include="PreyBoidComponent.hpp">
      <Filter>Header Files\ECS</Filter>
    </ClInclude>
    <ClInclude Include="FoodComponent.hpp">
      <Filter>Header Files\ECS</Filter>
    </ClInclude>
    <ClInclude Include="EntityManager.hpp">
      <Filter>Header Files\ECS</Filter>
    </ClInclude>
    <ClInclude Include="FoodSpawner.hpp">
      <Filter>Header Files\ECS</Filter>
    </ClInclude>
    <ClInclude Include="BoundaryComponent.hpp">
      <Filter>Header Files\ECS</Filter>
    </ClInclude>
    <ClInclude Include="SliderComponent.hpp">
      <Filter>Header Files\ECS</Filter>
    </ClInclude>
    <ClInclude Include="InputManager.hpp">
      <Filter>Header Files</Filter>
    </ClInclude>
    <ClInclude Include="PreyBoidSlider.hpp">
      <Filter>Header Files\ECS</Filter>
    </ClInclude>
    <ClInclude Include="TextComponent.hpp">
      <Filter>Header Files\ECS</Filter>
    </ClInclude>
    <ClInclude Include="StatBlock.hpp">
      <Filter>Header Files\ECS</Filter>
    </ClInclude>
    <ClInclude Include="PredatorSlider.hpp">
      <Filter>Header Files\ECS</Filter>
    </ClInclude>
    <ClInclude Include="FoodSlider.hpp">
      <Filter>Header Files\ECS</Filter>
    </ClInclude>
    <ClInclude Include="ButtonComponent.hpp">
      <Filter>Header Files\ECS</Filter>
    </ClInclude>
  </ItemGroup>
</Project>